// !$*UTF8*$!
{
	archiveVersion = 1;
	classes = {
	};
	objectVersion = 46;
	objects = {

/* Begin PBXBuildFile section */
		0EF2DBA81CD7DB4500BCDC7F /* main.m in Sources */ = {isa = PBXBuildFile; fileRef = 0EF2DBA71CD7DB4500BCDC7F /* main.m */; };
/* End PBXBuildFile section */

/* Begin PBXCopyFilesBuildPhase section */
		0EF2DBA21CD7DB4500BCDC7F /* CopyFiles */ = {
			isa = PBXCopyFilesBuildPhase;
			buildActionMask = 2147483647;
			dstPath = /usr/share/man/man1/;
			dstSubfolderSpec = 0;
			files = (
			);
			runOnlyForDeploymentPostprocessing = 1;
		};
/* End PBXCopyFilesBuildPhase section */

/* Begin PBXFileReference section */
		0EF2DBA41CD7DB4500BCDC7F /* WordEffects020516 */ = {isa = PBXFileReference; explicitFileType = "compiled.mach-o.executable"; includeInIndex = 0; path = WordEffects020516; sourceTree = BUILT_PRODUCTS_DIR; };
		0EF2DBA71CD7DB4500BCDC7F /* main.m */ = {isa = PBXFileReference; lastKnownFileType = sourcecode.c.objc; path = main.m; sourceTree = "<group>"; };
/* End PBXFileReference section */

/* Begin PBXFrameworksBuildPhase section */
		0EF2DBA11CD7DB4500BCDC7F /* Frameworks */ = {
			isa = PBXFrameworksBuildPhase;
			buildActionMask = 2147483647;
			files = (
			);
			runOnlyForDeploymentPostprocessing = 0;
		};
/* End PBXFrameworksBuildPhase section */

/* Begin PBXGroup section */
		0EF2DB9B1CD7DB4500BCDC7F = {
			isa = PBXGroup;
			children = (
				0EF2DBA61CD7DB4500BCDC7F /* WordEffects020516 */,
				0EF2DBA51CD7DB4500BCDC7F /* Products */,
			);
			sourceTree = "<group>";
		};
		0EF2DBA51CD7DB4500BCDC7F /* Products */ = {
			isa = PBXGroup;
			children = (
				0EF2DBA41CD7DB4500BCDC7F /* WordEffects020516 */,
			);
			name = Products;
			sourceTree = "<group>";
		};
		0EF2DBA61CD7DB4500BCDC7F /* WordEffects020516 */ = {
			isa = PBXGroup;
			children = (
				0EF2DBA71CD7DB4500BCDC7F /* main.m */,
			);
			path = WordEffects020516;
			sourceTree = "<group>";
		};
/* End PBXGroup section */

/* Begin PBXNativeTarget section */
		0EF2DBA31CD7DB4500BCDC7F /* WordEffects020516 */ = {
			isa = PBXNativeTarget;
			buildConfigurationList = 0EF2DBAB1CD7DB4500BCDC7F /* Build configuration list for PBXNativeTarget "WordEffects020516" */;
			buildPhases = (
				0EF2DBA01CD7DB4500BCDC7F /* Sources */,
				0EF2DBA11CD7DB4500BCDC7F /* Frameworks */,
				0EF2DBA21CD7DB4500BCDC7F /* CopyFiles */,
			);
			buildRules = (
			);
			dependencies = (
			);
			name = WordEffects020516;
			productName = WordEffects020516;
			productReference = 0EF2DBA41CD7DB4500BCDC7F /* WordEffects020516 */;
			productType = "com.apple.product-type.tool";
		};
/* End PBXNativeTarget section */

/* Begin PBXProject section */
		0EF2DB9C1CD7DB4500BCDC7F /* Project object */ = {
			isa = PBXProject;
			attributes = {
				LastUpgradeCheck = 0720;
				ORGANIZATIONNAME = YasminA;
				TargetAttributes = {
					0EF2DBA31CD7DB4500BCDC7F = {
						CreatedOnToolsVersion = 7.2.1;
					};
				};
			};
			buildConfigurationList = 0EF2DB9F1CD7DB4500BCDC7F /* Build configuration list for PBXProject "WordEffects020516" */;
			compatibilityVersion = "Xcode 3.2";
			developmentRegion = English;
			hasScannedForEncodings = 0;
			knownRegions = (
				en,
			);
			mainGroup = 0EF2DB9B1CD7DB4500BCDC7F;
			productRefGroup = 0EF2DBA51CD7DB4500BCDC7F /* Products */;
			projectDirPath = "";
			projectRoot = "";
			targets = (
				0EF2DBA31CD7DB4500BCDC7F /* WordEffects020516 */,
			);
		};
/* End PBXProject section */

/* Begin PBXSourcesBuildPhase section */
		0EF2DBA01CD7DB4500BCDC7F /* Sources */ = {
			isa = PBXSourcesBuildPhase;
			buildActionMask = 2147483647;
			files = (
				0EF2DBA81CD7DB4500BCDC7F /* main.m in Sources */,
			);
			runOnlyForDeploymentPostprocessing = 0;
		};
/* End PBXSourcesBuildPhase section */

/* Begin XCBuildConfiguration section */
		0EF2DBA91CD7DB4500BCDC7F /* Debug */ = {
			isa = XCBuildConfiguration;
			buildSettings = {
				ALWAYS_SEARCH_USER_PATHS = NO;
				CLANG_CXX_LANGUAGE_STANDARD = "gnu++0x";
				CLANG_CXX_LIBRARY = "libc++";
				CLANG_ENABLE_MODULES = YES;
				CLANG_ENABLE_OBJC_ARC = YES;
				CLANG_WARN_BOOL_CONVERSION = YES;
				CLANG_WARN_CONSTANT_CONVERSION = YES;
				CLANG_WARN_DIRECT_OBJC_ISA_USAGE = YES_ERROR;
				CLANG_WARN_EMPTY_BODY = YES;
				CLANG_WARN_ENUM_CONVERSION = YES;
				CLANG_WARN_INT_CONVERSION = YES;
				CLANG_WARN_OBJC_ROOT_CLASS = YES_ERROR;
				CLANG_WARN_UNREACHABLE_CODE = YES;
				CLANG_WARN__DUPLICATE_METHOD_MATCH = YES;
				CODE_SIGN_IDENTITY = "-";
				COPY_PHASE_STRIP = NO;
				DEBUG_INFORMATION_FORMAT = dwarf;
				ENABLE_STRICT_OBJC_MSGSEND = YES;
				ENABLE_TESTABILITY = YES;
				GCC_C_LANGUAGE_STANDARD = gnu99;
				GCC_DYNAMIC_NO_PIC = NO;
				GCC_NO_COMMON_BLOCKS = YES;
				GCC_OPTIMIZATION_LEVEL = 0;
				GCC_PREPROCESSOR_DEFINITIONS = (
					"DEBUG=1",
					"$(inherited)",
				);
				GCC_WARN_64_TO_32_BIT_CONVERSION = YES;
				GCC_WARN_ABOUT_RETURN_TYPE = YES_ERROR;
				GCC_WARN_UNDECLARED_SELECTOR = YES;
				GCC_WARN_UNINITIALIZED_AUTOS = YES_AGGRESSIVE;
				GCC_WARN_UNUSED_FUNCTION = YES;
				GCC_WARN_UNUSED_VARIABLE = YES;
				MACOSX_DEPLOYMENT_TARGET = 10.11;
				MTL_ENABLE_DEBUG_INFO = YES;
				ONLY_ACTIVE_ARCH = YES;
				SDKROOT = macosx;
			};
			name = Debug;
		};
		0EF2DBAA1CD7DB4500BCDC7F /* Release */ = {
			isa = XCBuildConfiguration;
			buildSettings = {
				ALWAYS_SEARCH_USER_PATHS = NO;
				CLANG_CXX_LANGUAGE_STANDARD = "gnu++0x";
				CLANG_CXX_LIBRARY = "libc++";
				CLANG_ENABLE_MODULES = YES;
				CLANG_ENABLE_OBJC_ARC = YES;
				CLANG_WARN_BOOL_CONVERSION = YES;
				CLANG_WARN_CONSTANT_CONVERSION = YES;
				CLANG_WARN_DIRECT_OBJC_ISA_USAGE = YES_ERROR;
				CLANG_WARN_EMPTY_BODY = YES;
				CLANG_WARN_ENUM_CONVERSION = YES;
				CLANG_WARN_INT_CONVERSION = YES;
				CLANG_WARN_OBJC_ROOT_CLASS = YES_ERROR;
				CLANG_WARN_UNREACHABLE_CODE = YES;
				CLANG_WARN__DUPLICATE_METHOD_MATCH = YES;
				CODE_SIGN_IDENTITY = "-";
				COPY_PHASE_STRIP = NO;
				DEBUG_INFORMATION_FORMAT = "dwarf-with-dsym";
				ENABLE_NS_ASSERTIONS = NO;
				ENABLE_STRICT_OBJC_MSGSEND = YES;
				GCC_C_LANGUAGE_STANDARD = gnu99;
				GCC_NO_COMMON_BLOCKS = YES;
				GCC_WARN_64_TO_32_BIT_CONVERSION = YES;
				GCC_WARN_ABOUT_RETURN_TYPE = YES_ERROR;
				GCC_WARN_UNDECLARED_SELECTOR = YES;
				GCC_WARN_UNINITIALIZED_AUTOS = YES_AGGRESSIVE;
				GCC_WARN_UNUSED_FUNCTION = YES;
				GCC_WARN_UNUSED_VARIABLE = YES;
				MACOSX_DEPLOYMENT_TARGET = 10.11;
				MTL_ENABLE_DEBUG_INFO = NO;
				SDKROOT = macosx;
			};
			name = Release;
		};
		0EF2DBAC1CD7DB4500BCDC7F /* Debug */ = {
			isa = XCBuildConfiguration;
			buildSettings = {
				PRODUCT_NAME = "$(TARGET_NAME)";
			};
			name = Debug;
		};
		0EF2DBAD1CD7DB4500BCDC7F /* Release */ = {
			isa = XCBuildConfiguration;
			buildSettings = {
				PRODUCT_NAME = "$(TARGET_NAME)";
			};
			name = Release;
		};
/* End XCBuildConfiguration section */

/* Begin XCConfigurationList section */
		0EF2DB9F1CD7DB4500BCDC7F /* Build configuration list for PBXProject "WordEffects020516" */ = {
			isa = XCConfigurationList;
			buildConfigurations = (
				0EF2DBA91CD7DB4500BCDC7F /* Debug */,
				0EF2DBAA1CD7DB4500BCDC7F /* Release */,
			);
			defaultConfigurationIsVisible = 0;
			defaultConfigurationName = Release;
		};
		0EF2DBAB1CD7DB4500BCDC7F /* Build configuration list for PBXNativeTarget "WordEffects020516" */ = {
			isa = XCConfigurationList;
			buildConfigurations = (
				0EF2DBAC1CD7DB4500BCDC7F /* Debug */,
				0EF2DBAD1CD7DB4500BCDC7F /* Release */,
			);
			defaultConfigurationIsVisible = 0;
		};
/* End XCConfigurationList section */
	};
	rootObject = 0EF2DB9C1CD7DB4500BCDC7F /* Project object */;
}
